// !$*UTF8*$!
{
	archiveVersion = 1;
	classes = {
	};
	objectVersion = 46;
	objects = {

/* Begin PBXBuildFile section */
		D14A63D41B10DF0F004FFDE4 /* main.m in Sources */ = {isa = PBXBuildFile; fileRef = D14A63D31B10DF0F004FFDE4 /* main.m */; };
		D14A63D71B10DF0F004FFDE4 /* AppDelegate.m in Sources */ = {isa = PBXBuildFile; fileRef = D14A63D61B10DF0F004FFDE4 /* AppDelegate.m */; };
		D14A63DA1B10DF0F004FFDE4 /* CM_Init.xcdatamodeld in Sources */ = {isa = PBXBuildFile; fileRef = D14A63D81B10DF0F004FFDE4 /* CM_Init.xcdatamodeld */; };
		D14A63DD1B10DF0F004FFDE4 /* Start.m in Sources */ = {isa = PBXBuildFile; fileRef = D14A63DC1B10DF0F004FFDE4 /* Start.m */; };
		D14A63E01B10DF0F004FFDE4 /* Main.storyboard in Resources */ = {isa = PBXBuildFile; fileRef = D14A63DE1B10DF0F004FFDE4 /* Main.storyboard */; };
		D14A63E21B10DF0F004FFDE4 /* Images.xcassets in Resources */ = {isa = PBXBuildFile; fileRef = D14A63E11B10DF0F004FFDE4 /* Images.xcassets */; };
		D14A63E51B10DF0F004FFDE4 /* LaunchScreen.xib in Resources */ = {isa = PBXBuildFile; fileRef = D14A63E31B10DF0F004FFDE4 /* LaunchScreen.xib */; };
		D14A63F11B10DF0F004FFDE4 /* CM_InitTests.m in Sources */ = {isa = PBXBuildFile; fileRef = D14A63F01B10DF0F004FFDE4 /* CM_InitTests.m */; };
/* End PBXBuildFile section */

/* Begin PBXContainerItemProxy section */
		D14A63EB1B10DF0F004FFDE4 /* PBXContainerItemProxy */ = {
			isa = PBXContainerItemProxy;
			containerPortal = D14A63C61B10DF0F004FFDE4 /* Project object */;
			proxyType = 1;
			remoteGlobalIDString = D14A63CD1B10DF0F004FFDE4;
			remoteInfo = "CM-Init";
		};
/* End PBXContainerItemProxy section */

/* Begin PBXFileReference section */
		D14A63CE1B10DF0F004FFDE4 /* CM-Init.app */ = {isa = PBXFileReference; explicitFileType = wrapper.application; includeInIndex = 0; path = "CM-Init.app"; sourceTree = BUILT_PRODUCTS_DIR; };
		D14A63D21B10DF0F004FFDE4 /* Info.plist */ = {isa = PBXFileReference; lastKnownFileType = text.plist.xml; path = Info.plist; sourceTree = "<group>"; };
		D14A63D31B10DF0F004FFDE4 /* main.m */ = {isa = PBXFileReference; lastKnownFileType = sourcecode.c.objc; path = main.m; sourceTree = "<group>"; };
		D14A63D51B10DF0F004FFDE4 /* AppDelegate.h */ = {isa = PBXFileReference; lastKnownFileType = sourcecode.c.h; path = AppDelegate.h; sourceTree = "<group>"; };
		D14A63D61B10DF0F004FFDE4 /* AppDelegate.m */ = {isa = PBXFileReference; lastKnownFileType = sourcecode.c.objc; path = AppDelegate.m; sourceTree = "<group>"; };
		D14A63D91B10DF0F004FFDE4 /* CM_Init.xcdatamodel */ = {isa = PBXFileReference; lastKnownFileType = wrapper.xcdatamodel; path = CM_Init.xcdatamodel; sourceTree = "<group>"; };
		D14A63DB1B10DF0F004FFDE4 /* Start.h */ = {isa = PBXFileReference; lastKnownFileType = sourcecode.c.h; path = Start.h; sourceTree = "<group>"; };
		D14A63DC1B10DF0F004FFDE4 /* Start.m */ = {isa = PBXFileReference; lastKnownFileType = sourcecode.c.objc; path = Start.m; sourceTree = "<group>"; };
		D14A63DF1B10DF0F004FFDE4 /* Base */ = {isa = PBXFileReference; lastKnownFileType = file.storyboard; name = Base; path = Base.lproj/Main.storyboard; sourceTree = "<group>"; };
		D14A63E11B10DF0F004FFDE4 /* Images.xcassets */ = {isa = PBXFileReference; lastKnownFileType = folder.assetcatalog; path = Images.xcassets; sourceTree = "<group>"; };
		D14A63E41B10DF0F004FFDE4 /* Base */ = {isa = PBXFileReference; lastKnownFileType = file.xib; name = Base; path = Base.lproj/LaunchScreen.xib; sourceTree = "<group>"; };
		D14A63EA1B10DF0F004FFDE4 /* CM-InitTests.xctest */ = {isa = PBXFileReference; explicitFileType = wrapper.cfbundle; includeInIndex = 0; path = "CM-InitTests.xctest"; sourceTree = BUILT_PRODUCTS_DIR; };
		D14A63EF1B10DF0F004FFDE4 /* Info.plist */ = {isa = PBXFileReference; lastKnownFileType = text.plist.xml; path = Info.plist; sourceTree = "<group>"; };
		D14A63F01B10DF0F004FFDE4 /* CM_InitTests.m */ = {isa = PBXFileReference; lastKnownFileType = sourcecode.c.objc; path = CM_InitTests.m; sourceTree = "<group>"; };
/* End PBXFileReference section */

/* Begin PBXFrameworksBuildPhase section */
		D14A63CB1B10DF0F004FFDE4 /* Frameworks */ = {
			isa = PBXFrameworksBuildPhase;
			buildActionMask = 2147483647;
			files = (
			);
			runOnlyForDeploymentPostprocessing = 0;
		};
		D14A63E71B10DF0F004FFDE4 /* Frameworks */ = {
			isa = PBXFrameworksBuildPhase;
			buildActionMask = 2147483647;
			files = (
			);
			runOnlyForDeploymentPostprocessing = 0;
		};
/* End PBXFrameworksBuildPhase section */

/* Begin PBXGroup section */
		D14A63C51B10DF0F004FFDE4 = {
			isa = PBXGroup;
			children = (
				D14A63D01B10DF0F004FFDE4 /* CM-Init */,
				D14A63ED1B10DF0F004FFDE4 /* CM-InitTests */,
				D14A63CF1B10DF0F004FFDE4 /* Products */,
			);
			sourceTree = "<group>";
		};
		D14A63CF1B10DF0F004FFDE4 /* Products */ = {
			isa = PBXGroup;
			children = (
				D14A63CE1B10DF0F004FFDE4 /* CM-Init.app */,
				D14A63EA1B10DF0F004FFDE4 /* CM-InitTests.xctest */,
			);
			name = Products;
			sourceTree = "<group>";
		};
		D14A63D01B10DF0F004FFDE4 /* CM-Init */ = {
			isa = PBXGroup;
			children = (
				D14A63FA1B10DF3A004FFDE4 /* Main */,
				D14A63FB1B10DF42004FFDE4 /* Controllers */,
				D14A63DE1B10DF0F004FFDE4 /* Main.storyboard */,
				D14A63E11B10DF0F004FFDE4 /* Images.xcassets */,
				D14A63E31B10DF0F004FFDE4 /* LaunchScreen.xib */,
				D14A63D81B10DF0F004FFDE4 /* CM_Init.xcdatamodeld */,
				D14A63D11B10DF0F004FFDE4 /* Supporting Files */,
			);
			path = "CM-Init";
			sourceTree = "<group>";
		};
		D14A63D11B10DF0F004FFDE4 /* Supporting Files */ = {
			isa = PBXGroup;
			children = (
				D14A63D21B10DF0F004FFDE4 /* Info.plist */,
				D14A63D31B10DF0F004FFDE4 /* main.m */,
			);
			name = "Supporting Files";
			sourceTree = "<group>";
		};
		D14A63ED1B10DF0F004FFDE4 /* CM-InitTests */ = {
			isa = PBXGroup;
			children = (
				D14A63F01B10DF0F004FFDE4 /* CM_InitTests.m */,
				D14A63EE1B10DF0F004FFDE4 /* Supporting Files */,
			);
			path = "CM-InitTests";
			sourceTree = "<group>";
		};
		D14A63EE1B10DF0F004FFDE4 /* Supporting Files */ = {
			isa = PBXGroup;
			children = (
				D14A63EF1B10DF0F004FFDE4 /* Info.plist */,
			);
			name = "Supporting Files";
			sourceTree = "<group>";
		};
		D14A63FA1B10DF3A004FFDE4 /* Main */ = {
			isa = PBXGroup;
			children = (
				D14A63D51B10DF0F004FFDE4 /* AppDelegate.h */,
				D14A63D61B10DF0F004FFDE4 /* AppDelegate.m */,
			);
			name = Main;
			sourceTree = "<group>";
		};
		D14A63FB1B10DF42004FFDE4 /* Controllers */ = {
			isa = PBXGroup;
			children = (
				D14A63DB1B10DF0F004FFDE4 /* Start.h */,
				D14A63DC1B10DF0F004FFDE4 /* Start.m */,
			);
			name = Controllers;
			sourceTree = "<group>";
		};
/* End PBXGroup section */

/* Begin PBXNativeTarget section */
		D14A63CD1B10DF0F004FFDE4 /* CM-Init */ = {
			isa = PBXNativeTarget;
			buildConfigurationList = D14A63F41B10DF0F004FFDE4 /* Build configuration list for PBXNativeTarget "CM-Init" */;
			buildPhases = (
				D14A63CA1B10DF0F004FFDE4 /* Sources */,
				D14A63CB1B10DF0F004FFDE4 /* Frameworks */,
				D14A63CC1B10DF0F004FFDE4 /* Resources */,
			);
			buildRules = (
			);
			dependencies = (
			);
			name = "CM-Init";
			productName = "CM-Init";
			productReference = D14A63CE1B10DF0F004FFDE4 /* CM-Init.app */;
			productType = "com.apple.product-type.application";
		};
		D14A63E91B10DF0F004FFDE4 /* CM-InitTests */ = {
			isa = PBXNativeTarget;
			buildConfigurationList = D14A63F71B10DF0F004FFDE4 /* Build configuration list for PBXNativeTarget "CM-InitTests" */;
			buildPhases = (
				D14A63E61B10DF0F004FFDE4 /* Sources */,
				D14A63E71B10DF0F004FFDE4 /* Frameworks */,
				D14A63E81B10DF0F004FFDE4 /* Resources */,
			);
			buildRules = (
			);
			dependencies = (
				D14A63EC1B10DF0F004FFDE4 /* PBXTargetDependency */,
			);
			name = "CM-InitTests";
			productName = "CM-InitTests";
			productReference = D14A63EA1B10DF0F004FFDE4 /* CM-InitTests.xctest */;
			productType = "com.apple.product-type.bundle.unit-test";
		};
/* End PBXNativeTarget section */

/* Begin PBXProject section */
		D14A63C61B10DF0F004FFDE4 /* Project object */ = {
			isa = PBXProject;
			attributes = {
				LastUpgradeCheck = 0630;
				ORGANIZATIONNAME = Smartplace;
				TargetAttributes = {
					D14A63CD1B10DF0F004FFDE4 = {
						CreatedOnToolsVersion = 6.3.1;
					};
					D14A63E91B10DF0F004FFDE4 = {
						CreatedOnToolsVersion = 6.3.1;
						TestTargetID = D14A63CD1B10DF0F004FFDE4;
					};
				};
			};
			buildConfigurationList = D14A63C91B10DF0F004FFDE4 /* Build configuration list for PBXProject "CM-Init" */;
			compatibilityVersion = "Xcode 3.2";
			developmentRegion = English;
			hasScannedForEncodings = 0;
			knownRegions = (
				en,
				Base,
			);
			mainGroup = D14A63C51B10DF0F004FFDE4;
			productRefGroup = D14A63CF1B10DF0F004FFDE4 /* Products */;
			projectDirPath = "";
			projectRoot = "";
			targets = (
				D14A63CD1B10DF0F004FFDE4 /* CM-Init */,
				D14A63E91B10DF0F004FFDE4 /* CM-InitTests */,
			);
		};
/* End PBXProject section */

/* Begin PBXResourcesBuildPhase section */
		D14A63CC1B10DF0F004FFDE4 /* Resources */ = {
			isa = PBXResourcesBuildPhase;
			buildActionMask = 2147483647;
			files = (
				D14A63E01B10DF0F004FFDE4 /* Main.storyboard in Resources */,
				D14A63E51B10DF0F004FFDE4 /* LaunchScreen.xib in Resources */,
				D14A63E21B10DF0F004FFDE4 /* Images.xcassets in Resources */,
			);
			runOnlyForDeploymentPostprocessing = 0;
		};
		D14A63E81B10DF0F004FFDE4 /* Resources */ = {
			isa = PBXResourcesBuildPhase;
			buildActionMask = 2147483647;
			files = (
			);
			runOnlyForDeploymentPostprocessing = 0;
		};
/* End PBXResourcesBuildPhase section */

/* Begin PBXSourcesBuildPhase section */
		D14A63CA1B10DF0F004FFDE4 /* Sources */ = {
			isa = PBXSourcesBuildPhase;
			buildActionMask = 2147483647;
			files = (
				D14A63DA1B10DF0F004FFDE4 /* CM_Init.xcdatamodeld in Sources */,
				D14A63D71B10DF0F004FFDE4 /* AppDelegate.m in Sources */,
				D14A63DD1B10DF0F004FFDE4 /* Start.m in Sources */,
				D14A63D41B10DF0F004FFDE4 /* main.m in Sources */,
			);
			runOnlyForDeploymentPostprocessing = 0;
		};
		D14A63E61B10DF0F004FFDE4 /* Sources */ = {
			isa = PBXSourcesBuildPhase;
			buildActionMask = 2147483647;
			files = (
				D14A63F11B10DF0F004FFDE4 /* CM_InitTests.m in Sources */,
			);
			runOnlyForDeploymentPostprocessing = 0;
		};
/* End PBXSourcesBuildPhase section */

/* Begin PBXTargetDependency section */
		D14A63EC1B10DF0F004FFDE4 /* PBXTargetDependency */ = {
			isa = PBXTargetDependency;
			target = D14A63CD1B10DF0F004FFDE4 /* CM-Init */;
			targetProxy = D14A63EB1B10DF0F004FFDE4 /* PBXContainerItemProxy */;
		};
/* End PBXTargetDependency section */

/* Begin PBXVariantGroup section */
		D14A63DE1B10DF0F004FFDE4 /* Main.storyboard */ = {
			isa = PBXVariantGroup;
			children = (
				D14A63DF1B10DF0F004FFDE4 /* Base */,
			);
			name = Main.storyboard;
			sourceTree = "<group>";
		};
		D14A63E31B10DF0F004FFDE4 /* LaunchScreen.xib */ = {
			isa = PBXVariantGroup;
			children = (
				D14A63E41B10DF0F004FFDE4 /* Base */,
			);
			name = LaunchScreen.xib;
			sourceTree = "<group>";
		};
/* End PBXVariantGroup section */

/* Begin XCBuildConfiguration section */
		D14A63F21B10DF0F004FFDE4 /* Debug */ = {
			isa = XCBuildConfiguration;
			buildSettings = {
				ALWAYS_SEARCH_USER_PATHS = NO;
				CLANG_CXX_LANGUAGE_STANDARD = "gnu++0x";
				CLANG_CXX_LIBRARY = "libc++";
				CLANG_ENABLE_MODULES = YES;
				CLANG_ENABLE_OBJC_ARC = YES;
				CLANG_WARN_BOOL_CONVERSION = YES;
				CLANG_WARN_CONSTANT_CONVERSION = YES;
				CLANG_WARN_DIRECT_OBJC_ISA_USAGE = YES_ERROR;
				CLANG_WARN_EMPTY_BODY = YES;
				CLANG_WARN_ENUM_CONVERSION = YES;
				CLANG_WARN_INT_CONVERSION = YES;
				CLANG_WARN_OBJC_ROOT_CLASS = YES_ERROR;
				CLANG_WARN_UNREACHABLE_CODE = YES;
				CLANG_WARN__DUPLICATE_METHOD_MATCH = YES;
				"CODE_SIGN_IDENTITY[sdk=iphoneos*]" = "iPhone Developer";
				COPY_PHASE_STRIP = NO;
				DEBUG_INFORMATION_FORMAT = "dwarf-with-dsym";
				ENABLE_STRICT_OBJC_MSGSEND = YES;
				GCC_C_LANGUAGE_STANDARD = gnu99;
				GCC_DYNAMIC_NO_PIC = NO;
				GCC_NO_COMMON_BLOCKS = YES;
				GCC_OPTIMIZATION_LEVEL = 0;
				GCC_PREPROCESSOR_DEFINITIONS = (
					"DEBUG=1",
					"$(inherited)",
				);
				GCC_SYMBOLS_PRIVATE_EXTERN = NO;
				GCC_WARN_64_TO_32_BIT_CONVERSION = YES;
				GCC_WARN_ABOUT_RETURN_TYPE = YES_ERROR;
				GCC_WARN_UNDECLARED_SELECTOR = YES;
				GCC_WARN_UNINITIALIZED_AUTOS = YES_AGGRESSIVE;
				GCC_WARN_UNUSED_FUNCTION = YES;
				GCC_WARN_UNUSED_VARIABLE = YES;
				IPHONEOS_DEPLOYMENT_TARGET = 8.3;
				MTL_ENABLE_DEBUG_INFO = YES;
				ONLY_ACTIVE_ARCH = YES;
				SDKROOT = iphoneos;
			};
			name = Debug;
		};
		D14A63F31B10DF0F004FFDE4 /* Release */ = {
			isa = XCBuildConfiguration;
			buildSettings = {
				ALWAYS_SEARCH_USER_PATHS = NO;
				CLANG_CXX_LANGUAGE_STANDARD = "gnu++0x";
				CLANG_CXX_LIBRARY = "libc++";
				CLANG_ENABLE_MODULES = YES;
				CLANG_ENABLE_OBJC_ARC = YES;
				CLANG_WARN_BOOL_CONVERSION = YES;
				CLANG_WARN_CONSTANT_CONVERSION = YES;
				CLANG_WARN_DIRECT_OBJC_ISA_USAGE = YES_ERROR;
				CLANG_WARN_EMPTY_BODY = YES;
				CLANG_WARN_ENUM_CONVERSION = YES;
				CLANG_WARN_INT_CONVERSION = YES;
				CLANG_WARN_OBJC_ROOT_CLASS = YES_ERROR;
				CLANG_WARN_UNREACHABLE_CODE = YES;
				CLANG_WARN__DUPLICATE_METHOD_MATCH = YES;
				"CODE_SIGN_IDENTITY[sdk=iphoneos*]" = "iPhone Developer";
				COPY_PHASE_STRIP = NO;
				DEBUG_INFORMATION_FORMAT = "dwarf-with-dsym";
				ENABLE_NS_ASSERTIONS = NO;
				ENABLE_STRICT_OBJC_MSGSEND = YES;
				GCC_C_LANGUAGE_STANDARD = gnu99;
				GCC_NO_COMMON_BLOCKS = YES;
				GCC_WARN_64_TO_32_BIT_CONVERSION = YES;
				GCC_WARN_ABOUT_RETURN_TYPE = YES_ERROR;
				GCC_WARN_UNDECLARED_SELECTOR = YES;
				GCC_WARN_UNINITIALIZED_AUTOS = YES_AGGRESSIVE;
				GCC_WARN_UNUSED_FUNCTION = YES;
				GCC_WARN_UNUSED_VARIABLE = YES;
				IPHONEOS_DEPLOYMENT_TARGET = 8.3;
				MTL_ENABLE_DEBUG_INFO = NO;
				SDKROOT = iphoneos;
				VALIDATE_PRODUCT = YES;
			};
			name = Release;
		};
		D14A63F51B10DF0F004FFDE4 /* Debug */ = {
			isa = XCBuildConfiguration;
			buildSettings = {
				ASSETCATALOG_COMPILER_APPICON_NAME = AppIcon;
				INFOPLIST_FILE = "CM-Init/Info.plist";
				LD_RUNPATH_SEARCH_PATHS = "$(inherited) @executable_path/Frameworks";
				PRODUCT_NAME = "$(TARGET_NAME)";
			};
			name = Debug;
		};
		D14A63F61B10DF0F004FFDE4 /* Release */ = {
			isa = XCBuildConfiguration;
			buildSettings = {
				ASSETCATALOG_COMPILER_APPICON_NAME = AppIcon;
				INFOPLIST_FILE = "CM-Init/Info.plist";
				LD_RUNPATH_SEARCH_PATHS = "$(inherited) @executable_path/Frameworks";
				PRODUCT_NAME = "$(TARGET_NAME)";
			};
			name = Release;
		};
		D14A63F81B10DF0F004FFDE4 /* Debug */ = {
			isa = XCBuildConfiguration;
			buildSettings = {
				BUNDLE_LOADER = "$(TEST_HOST)";
				FRAMEWORK_SEARCH_PATHS = (
					"$(SDKROOT)/Developer/Library/Frameworks",
					"$(inherited)",
				);
				GCC_PREPROCESSOR_DEFINITIONS = (
					"DEBUG=1",
					"$(inherited)",
				);
				INFOPLIST_FILE = "CM-InitTests/Info.plist";
				LD_RUNPATH_SEARCH_PATHS = "$(inherited) @executable_path/Frameworks @loader_path/Frameworks";
				PRODUCT_NAME = "$(TARGET_NAME)";
				TEST_HOST = "$(BUILT_PRODUCTS_DIR)/CM-Init.app/CM-Init";
			};
			name = Debug;
		};
		D14A63F91B10DF0F004FFDE4 /* Release */ = {
			isa = XCBuildConfiguration;
			buildSettings = {
				BUNDLE_LOADER = "$(TEST_HOST)";
				FRAMEWORK_SEARCH_PATHS = (
					"$(SDKROOT)/Developer/Library/Frameworks",
					"$(inherited)",
				);
				INFOPLIST_FILE = "CM-InitTests/Info.plist";
				LD_RUNPATH_SEARCH_PATHS = "$(inherited) @executable_path/Frameworks @loader_path/Frameworks";
				PRODUCT_NAME = "$(TARGET_NAME)";
				TEST_HOST = "$(BUILT_PRODUCTS_DIR)/CM-Init.app/CM-Init";
			};
			name = Release;
		};
/* End XCBuildConfiguration section */

/* Begin XCConfigurationList section */
		D14A63C91B10DF0F004FFDE4 /* Build configuration list for PBXProject "CM-Init" */ = {
			isa = XCConfigurationList;
			buildConfigurations = (
				D14A63F21B10DF0F004FFDE4 /* Debug */,
				D14A63F31B10DF0F004FFDE4 /* Release */,
			);
			defaultConfigurationIsVisible = 0;
			defaultConfigurationName = Release;
		};
		D14A63F41B10DF0F004FFDE4 /* Build configuration list for PBXNativeTarget "CM-Init" */ = {
			isa = XCConfigurationList;
			buildConfigurations = (
				D14A63F51B10DF0F004FFDE4 /* Debug */,
				D14A63F61B10DF0F004FFDE4 /* Release */,
			);
			defaultConfigurationIsVisible = 0;
		};
		D14A63F71B10DF0F004FFDE4 /* Build configuration list for PBXNativeTarget "CM-InitTests" */ = {
			isa = XCConfigurationList;
			buildConfigurations = (
				D14A63F81B10DF0F004FFDE4 /* Debug */,
				D14A63F91B10DF0F004FFDE4 /* Release */,
			);
			defaultConfigurationIsVisible = 0;
		};
/* End XCConfigurationList section */

/* Begin XCVersionGroup section */
		D14A63D81B10DF0F004FFDE4 /* CM_Init.xcdatamodeld */ = {
			isa = XCVersionGroup;
			children = (
				D14A63D91B10DF0F004FFDE4 /* CM_Init.xcdatamodel */,
			);
			currentVersion = D14A63D91B10DF0F004FFDE4 /* CM_Init.xcdatamodel */;
			path = CM_Init.xcdatamodeld;
			sourceTree = "<group>";
			versionGroupType = wrapper.xcdatamodel;
		};
/* End XCVersionGroup section */
	};
	rootObject = D14A63C61B10DF0F004FFDE4 /* Project object */;
}
